// !$*UTF8*$!
{
	archiveVersion = 1;
	classes = {
	};
	objectVersion = 46;
	objects = {

/* Begin PBXBuildFile section */
		6DA2224A1B2612A60072E3EF /* main.c in Sources */ = {isa = PBXBuildFile; fileRef = 6DA222491B2612A60072E3EF /* main.c */; };
/* End PBXBuildFile section */

/* Begin PBXCopyFilesBuildPhase section */
		6DA222441B2612A60072E3EF /* CopyFiles */ = {
			isa = PBXCopyFilesBuildPhase;
			buildActionMask = 2147483647;
			dstPath = /usr/share/man/man1/;
			dstSubfolderSpec = 0;
			files = (
			);
			runOnlyForDeploymentPostprocessing = 1;
		};
/* End PBXCopyFilesBuildPhase section */

/* Begin PBXFileReference section */
		6D1C93FF1B27B64F00462307 /* cleaninput.txt */ = {isa = PBXFileReference; fileEncoding = 4; lastKnownFileType = text; path = cleaninput.txt; sourceTree = "<group>"; };
		6D1C94001B2A49B200462307 /* lexemetable.txt */ = {isa = PBXFileReference; fileEncoding = 4; lastKnownFileType = text; path = lexemetable.txt; sourceTree = "<group>"; };
		6D1C94011B2A4B6000462307 /* lexemeList.txt */ = {isa = PBXFileReference; fileEncoding = 4; lastKnownFileType = text; path = lexemeList.txt; sourceTree = "<group>"; };
		6DA222461B2612A60072E3EF /* LexicalAnalyzer */ = {isa = PBXFileReference; explicitFileType = "compiled.mach-o.executable"; includeInIndex = 0; path = LexicalAnalyzer; sourceTree = BUILT_PRODUCTS_DIR; };
		6DA222491B2612A60072E3EF /* main.c */ = {isa = PBXFileReference; lastKnownFileType = sourcecode.c.c; lineEnding = 0; path = main.c; sourceTree = "<group>"; };
		6DA222501B26130D0072E3EF /* README.txt */ = {isa = PBXFileReference; fileEncoding = 4; lastKnownFileType = text; path = README.txt; sourceTree = "<group>"; };
		6DA222511B2614D20072E3EF /* input.txt */ = {isa = PBXFileReference; fileEncoding = 4; lastKnownFileType = text; path = input.txt; sourceTree = "<group>"; };
/* End PBXFileReference section */

/* Begin PBXFrameworksBuildPhase section */
		6DA222431B2612A60072E3EF /* Frameworks */ = {
			isa = PBXFrameworksBuildPhase;
			buildActionMask = 2147483647;
			files = (
			);
			runOnlyForDeploymentPostprocessing = 0;
		};
/* End PBXFrameworksBuildPhase section */

/* Begin PBXGroup section */
		6DA2223D1B2612A60072E3EF = {
			isa = PBXGroup;
			children = (
				6DA222481B2612A60072E3EF /* LexicalAnalyzer */,
				6DA222471B2612A60072E3EF /* Products */,
			);
			sourceTree = "<group>";
		};
		6DA222471B2612A60072E3EF /* Products */ = {
			isa = PBXGroup;
			children = (
				6DA222461B2612A60072E3EF /* LexicalAnalyzer */,
			);
			name = Products;
			sourceTree = "<group>";
		};
		6DA222481B2612A60072E3EF /* LexicalAnalyzer */ = {
			isa = PBXGroup;
			children = (
				6D1C94011B2A4B6000462307 /* lexemeList.txt */,
				6D1C94001B2A49B200462307 /* lexemetable.txt */,
				6D1C93FF1B27B64F00462307 /* cleaninput.txt */,
				6DA222491B2612A60072E3EF /* main.c */,
				6DA222501B26130D0072E3EF /* README.txt */,
				6DA222511B2614D20072E3EF /* input.txt */,
			);
			path = LexicalAnalyzer;
			sourceTree = "<group>";
		};
/* End PBXGroup section */

/* Begin PBXNativeTarget section */
		6DA222451B2612A60072E3EF /* LexicalAnalyzer */ = {
			isa = PBXNativeTarget;
			buildConfigurationList = 6DA2224D1B2612A60072E3EF /* Build configuration list for PBXNativeTarget "LexicalAnalyzer" */;
			buildPhases = (
				6DA222421B2612A60072E3EF /* Sources */,
				6DA222431B2612A60072E3EF /* Frameworks */,
				6DA222441B2612A60072E3EF /* CopyFiles */,
			);
			buildRules = (
			);
			dependencies = (
			);
			name = LexicalAnalyzer;
			productName = LexicalAnalyzer;
			productReference = 6DA222461B2612A60072E3EF /* LexicalAnalyzer */;
			productType = "com.apple.product-type.tool";
		};
/* End PBXNativeTarget section */

/* Begin PBXProject section */
		6DA2223E1B2612A60072E3EF /* Project object */ = {
			isa = PBXProject;
			attributes = {
				LastUpgradeCheck = 0630;
				ORGANIZATIONNAME = "Michael Labus";
				TargetAttributes = {
					6DA222451B2612A60072E3EF = {
						CreatedOnToolsVersion = 6.3.2;
					};
				};
			};
			buildConfigurationList = 6DA222411B2612A60072E3EF /* Build configuration list for PBXProject "LexicalAnalyzer" */;
			compatibilityVersion = "Xcode 3.2";
			developmentRegion = English;
			hasScannedForEncodings = 0;
			knownRegions = (
				en,
			);
			mainGroup = 6DA2223D1B2612A60072E3EF;
			productRefGroup = 6DA222471B2612A60072E3EF /* Products */;
			projectDirPath = "";
			projectRoot = "";
			targets = (
				6DA222451B2612A60072E3EF /* LexicalAnalyzer */,
			);
		};
/* End PBXProject section */

/* Begin PBXSourcesBuildPhase section */
		6DA222421B2612A60072E3EF /* Sources */ = {
			isa = PBXSourcesBuildPhase;
			buildActionMask = 2147483647;
			files = (
				6DA2224A1B2612A60072E3EF /* main.c in Sources */,
			);
			runOnlyForDeploymentPostprocessing = 0;
		};
/* End PBXSourcesBuildPhase section */

/* Begin XCBuildConfiguration section */
		6DA2224B1B2612A60072E3EF /* Debug */ = {
			isa = XCBuildConfiguration;
			buildSettings = {
				ALWAYS_SEARCH_USER_PATHS = NO;
				CLANG_CXX_LANGUAGE_STANDARD = "gnu++0x";
				CLANG_CXX_LIBRARY = "libc++";
				CLANG_ENABLE_MODULES = YES;
				CLANG_ENABLE_OBJC_ARC = YES;
				CLANG_WARN_BOOL_CONVERSION = YES;
				CLANG_WARN_CONSTANT_CONVERSION = YES;
				CLANG_WARN_DIRECT_OBJC_ISA_USAGE = YES_ERROR;
				CLANG_WARN_EMPTY_BODY = YES;
				CLANG_WARN_ENUM_CONVERSION = YES;
				CLANG_WARN_INT_CONVERSION = YES;
				CLANG_WARN_OBJC_ROOT_CLASS = YES_ERROR;
				CLANG_WARN_UNREACHABLE_CODE = YES;
				CLANG_WARN__DUPLICATE_METHOD_MATCH = YES;
				COPY_PHASE_STRIP = NO;
				DEBUG_INFORMATION_FORMAT = dwarf;
				ENABLE_STRICT_OBJC_MSGSEND = YES;
				GCC_C_LANGUAGE_STANDARD = gnu99;
				GCC_DYNAMIC_NO_PIC = NO;
				GCC_NO_COMMON_BLOCKS = YES;
				GCC_OPTIMIZATION_LEVEL = 0;
				GCC_PREPROCESSOR_DEFINITIONS = (
					"DEBUG=1",
					"$(inherited)",
				);
				GCC_SYMBOLS_PRIVATE_EXTERN = NO;
				GCC_WARN_64_TO_32_BIT_CONVERSION = YES;
				GCC_WARN_ABOUT_RETURN_TYPE = YES_ERROR;
				GCC_WARN_UNDECLARED_SELECTOR = YES;
				GCC_WARN_UNINITIALIZED_AUTOS = YES_AGGRESSIVE;
				GCC_WARN_UNUSED_FUNCTION = YES;
				GCC_WARN_UNUSED_VARIABLE = YES;
				MACOSX_DEPLOYMENT_TARGET = 10.10;
				MTL_ENABLE_DEBUG_INFO = YES;
				ONLY_ACTIVE_ARCH = YES;
				SDKROOT = macosx;
			};
			name = Debug;
		};
		6DA2224C1B2612A60072E3EF /* Release */ = {
			isa = XCBuildConfiguration;
			buildSettings = {
				ALWAYS_SEARCH_USER_PATHS = NO;
				CLANG_CXX_LANGUAGE_STANDARD = "gnu++0x";
				CLANG_CXX_LIBRARY = "libc++";
				CLANG_ENABLE_MODULES = YES;
				CLANG_ENABLE_OBJC_ARC = YES;
				CLANG_WARN_BOOL_CONVERSION = YES;
				CLANG_WARN_CONSTANT_CONVERSION = YES;
				CLANG_WARN_DIRECT_OBJC_ISA_USAGE = YES_ERROR;
				CLANG_WARN_EMPTY_BODY = YES;
				CLANG_WARN_ENUM_CONVERSION = YES;
				CLANG_WARN_INT_CONVERSION = YES;
				CLANG_WARN_OBJC_ROOT_CLASS = YES_ERROR;
				CLANG_WARN_UNREACHABLE_CODE = YES;
				CLANG_WARN__DUPLICATE_METHOD_MATCH = YES;
				COPY_PHASE_STRIP = NO;
				DEBUG_INFORMATION_FORMAT = "dwarf-with-dsym";
				ENABLE_NS_ASSERTIONS = NO;
				ENABLE_STRICT_OBJC_MSGSEND = YES;
				GCC_C_LANGUAGE_STANDARD = gnu99;
				GCC_NO_COMMON_BLOCKS = YES;
				GCC_WARN_64_TO_32_BIT_CONVERSION = YES;
				GCC_WARN_ABOUT_RETURN_TYPE = YES_ERROR;
				GCC_WARN_UNDECLARED_SELECTOR = YES;
				GCC_WARN_UNINITIALIZED_AUTOS = YES_AGGRESSIVE;
				GCC_WARN_UNUSED_FUNCTION = YES;
				GCC_WARN_UNUSED_VARIABLE = YES;
				MACOSX_DEPLOYMENT_TARGET = 10.10;
				MTL_ENABLE_DEBUG_INFO = NO;
				SDKROOT = macosx;
			};
			name = Release;
		};
		6DA2224E1B2612A60072E3EF /* Debug */ = {
			isa = XCBuildConfiguration;
			buildSettings = {
				PRODUCT_NAME = "$(TARGET_NAME)";
			};
			name = Debug;
		};
		6DA2224F1B2612A60072E3EF /* Release */ = {
			isa = XCBuildConfiguration;
			buildSettings = {
				PRODUCT_NAME = "$(TARGET_NAME)";
			};
			name = Release;
		};
/* End XCBuildConfiguration section */

/* Begin XCConfigurationList section */
		6DA222411B2612A60072E3EF /* Build configuration list for PBXProject "LexicalAnalyzer" */ = {
			isa = XCConfigurationList;
			buildConfigurations = (
				6DA2224B1B2612A60072E3EF /* Debug */,
				6DA2224C1B2612A60072E3EF /* Release */,
			);
			defaultConfigurationIsVisible = 0;
			defaultConfigurationName = Release;
		};
		6DA2224D1B2612A60072E3EF /* Build configuration list for PBXNativeTarget "LexicalAnalyzer" */ = {
			isa = XCConfigurationList;
			buildConfigurations = (
				6DA2224E1B2612A60072E3EF /* Debug */,
				6DA2224F1B2612A60072E3EF /* Release */,
			);
			defaultConfigurationIsVisible = 0;
			defaultConfigurationName = Release;
		};
/* End XCConfigurationList section */
	};
	rootObject = 6DA2223E1B2612A60072E3EF /* Project object */;
}
